
Microsoft Visual Studio Solution File, Format Version 12.00
# Visual Studio Version 17
VisualStudioVersion = 17.14.36203.30
MinimumVisualStudioVersion = 10.0.40219.1
Project("{FAE04EC0-301F-11D3-BF4B-00C04F79EFBC}") = "HomeWork1", "HomeWork1\HomeWork1.csproj", "{0BC60A00-C13E-4E62-994C-38EF315100B9}"
EndProject
Project("{FAE04EC0-301F-11D3-BF4B-00C04F79EFBC}") = "PrintSingleNumbers", "PrintSingleNumbers\PrintSingleNumbers.csproj", "{B563208B-31E4-4E2F-8E51-F8457F4345C2}"
EndProject
Project("{FAE04EC0-301F-11D3-BF4B-00C04F79EFBC}") = "Lesson 5", "Lesson 5\Lesson 5.csproj", "{0AC4C4D2-8734-4195-A921-FAE5BBD11F54}"
EndProject
Global
	GlobalSection(SolutionConfigurationPlatforms) = preSolution
		Debug|Any CPU = Debug|Any CPU
		Release|Any CPU = Release|Any CPU
	EndGlobalSection
	GlobalSection(ProjectConfigurationPlatforms) = postSolution
		{0BC60A00-C13E-4E62-994C-38EF315100B9}.Debug|Any CPU.ActiveCfg = Debug|Any CPU
		{0BC60A00-C13E-4E62-994C-38EF315100B9}.Debug|Any CPU.Build.0 = Debug|Any CPU
		{0BC60A00-C13E-4E62-994C-38EF315100B9}.Release|Any CPU.ActiveCfg = Release|Any CPU
		{0BC60A00-C13E-4E62-994C-38EF315100B9}.Release|Any CPU.Build.0 = Release|Any CPU
		{B563208B-31E4-4E2F-8E51-F8457F4345C2}.Debug|Any CPU.ActiveCfg = Debug|Any CPU
		{B563208B-31E4-4E2F-8E51-F8457F4345C2}.Debug|Any CPU.Build.0 = Debug|Any CPU
		{B563208B-31E4-4E2F-8E51-F8457F4345C2}.Release|Any CPU.ActiveCfg = Release|Any CPU
		{B563208B-31E4-4E2F-8E51-F8457F4345C2}.Release|Any CPU.Build.0 = Release|Any CPU
		{0AC4C4D2-8734-4195-A921-FAE5BBD11F54}.Debug|Any CPU.ActiveCfg = Debug|Any CPU
		{0AC4C4D2-8734-4195-A921-FAE5BBD11F54}.Debug|Any CPU.Build.0 = Debug|Any CPU
		{0AC4C4D2-8734-4195-A921-FAE5BBD11F54}.Release|Any CPU.ActiveCfg = Release|Any CPU
		{0AC4C4D2-8734-4195-A921-FAE5BBD11F54}.Release|Any CPU.Build.0 = Release|Any CPU
	EndGlobalSection
	GlobalSection(SolutionProperties) = preSolution
		HideSolutionNode = FALSE
	EndGlobalSection
	GlobalSection(ExtensibilityGlobals) = postSolution
		SolutionGuid = {13BE3657-CC99-4989-A9BB-EBC7F33EFC43}
	EndGlobalSection
EndGlobal
